
Microsoft Visual Studio Solution File, Format Version 12.00
# Visual Studio Version 16
VisualStudioVersion = 16.0.30503.244
MinimumVisualStudioVersion = 10.0.40219.1
Project("{FAE04EC0-301F-11D3-BF4B-00C04F79EFBC}") = "LinkedList actual one", "LinkedList actual one\LinkedList actual one.csproj", "{9E6AB4A9-6580-401C-B377-CB07AC3BCFFF}"
EndProject
Global
	GlobalSection(SolutionConfigurationPlatforms) = preSolution
		Debug|Any CPU = Debug|Any CPU
		Release|Any CPU = Release|Any CPU
	EndGlobalSection
	GlobalSection(ProjectConfigurationPlatforms) = postSolution
		{9E6AB4A9-6580-401C-B377-CB07AC3BCFFF}.Debug|Any CPU.ActiveCfg = Debug|Any CPU
		{9E6AB4A9-6580-401C-B377-CB07AC3BCFFF}.Debug|Any CPU.Build.0 = Debug|Any CPU
		{9E6AB4A9-6580-401C-B377-CB07AC3BCFFF}.Release|Any CPU.ActiveCfg = Release|Any CPU
		{9E6AB4A9-6580-401C-B377-CB07AC3BCFFF}.Release|Any CPU.Build.0 = Release|Any CPU
	EndGlobalSection
	GlobalSection(SolutionProperties) = preSolution
		HideSolutionNode = FALSE
	EndGlobalSection
	GlobalSection(ExtensibilityGlobals) = postSolution
		SolutionGuid = {F1810B7C-0D07-40AB-A0EA-072BC7EA4752}
	EndGlobalSection
EndGlobal
