
Microsoft Visual Studio Solution File, Format Version 12.00
# Visual Studio Version 16
VisualStudioVersion = 16.0.30503.244
MinimumVisualStudioVersion = 10.0.40219.1
Project("{FAE04EC0-301F-11D3-BF4B-00C04F79EFBC}") = "Week4BLabBooker", "Week4BLabBooker\Week4BLabBooker.csproj", "{85093B46-FE25-459B-8EC9-A4EE011C828D}"
EndProject
Global
	GlobalSection(SolutionConfigurationPlatforms) = preSolution
		Debug|Any CPU = Debug|Any CPU
		Release|Any CPU = Release|Any CPU
	EndGlobalSection
	GlobalSection(ProjectConfigurationPlatforms) = postSolution
		{85093B46-FE25-459B-8EC9-A4EE011C828D}.Debug|Any CPU.ActiveCfg = Debug|Any CPU
		{85093B46-FE25-459B-8EC9-A4EE011C828D}.Debug|Any CPU.Build.0 = Debug|Any CPU
		{85093B46-FE25-459B-8EC9-A4EE011C828D}.Release|Any CPU.ActiveCfg = Release|Any CPU
		{85093B46-FE25-459B-8EC9-A4EE011C828D}.Release|Any CPU.Build.0 = Release|Any CPU
	EndGlobalSection
	GlobalSection(SolutionProperties) = preSolution
		HideSolutionNode = FALSE
	EndGlobalSection
	GlobalSection(ExtensibilityGlobals) = postSolution
		SolutionGuid = {DBAEC26A-A499-4EC5-B7CC-05C9FA440A8A}
	EndGlobalSection
EndGlobal
