
Microsoft Visual Studio Solution File, Format Version 12.00
# Visual Studio Version 16
VisualStudioVersion = 16.0.30611.23
MinimumVisualStudioVersion = 10.0.40219.1
Project("{FAE04EC0-301F-11D3-BF4B-00C04F79EFBC}") = "week5portfB", "week5portfB\week5portfB.csproj", "{0338D178-470B-4B6B-B78F-B4730420C672}"
EndProject
Global
	GlobalSection(SolutionConfigurationPlatforms) = preSolution
		Debug|Any CPU = Debug|Any CPU
		Release|Any CPU = Release|Any CPU
	EndGlobalSection
	GlobalSection(ProjectConfigurationPlatforms) = postSolution
		{0338D178-470B-4B6B-B78F-B4730420C672}.Debug|Any CPU.ActiveCfg = Debug|Any CPU
		{0338D178-470B-4B6B-B78F-B4730420C672}.Debug|Any CPU.Build.0 = Debug|Any CPU
		{0338D178-470B-4B6B-B78F-B4730420C672}.Release|Any CPU.ActiveCfg = Release|Any CPU
		{0338D178-470B-4B6B-B78F-B4730420C672}.Release|Any CPU.Build.0 = Release|Any CPU
	EndGlobalSection
	GlobalSection(SolutionProperties) = preSolution
		HideSolutionNode = FALSE
	EndGlobalSection
	GlobalSection(ExtensibilityGlobals) = postSolution
		SolutionGuid = {F19B5DB5-2E0E-4FED-93F2-BA42FED5D3E4}
	EndGlobalSection
EndGlobal
