
Microsoft Visual Studio Solution File, Format Version 12.00
# Visual Studio Version 16
VisualStudioVersion = 16.0.30503.244
MinimumVisualStudioVersion = 10.0.40219.1
Project("{FAE04EC0-301F-11D3-BF4B-00C04F79EFBC}") = "readFile", "readFile\readFile.csproj", "{9059A4A4-6539-4FB7-8B5A-A7D0EBA5FA33}"
EndProject
Global
	GlobalSection(SolutionConfigurationPlatforms) = preSolution
		Debug|Any CPU = Debug|Any CPU
		Release|Any CPU = Release|Any CPU
	EndGlobalSection
	GlobalSection(ProjectConfigurationPlatforms) = postSolution
		{9059A4A4-6539-4FB7-8B5A-A7D0EBA5FA33}.Debug|Any CPU.ActiveCfg = Debug|Any CPU
		{9059A4A4-6539-4FB7-8B5A-A7D0EBA5FA33}.Debug|Any CPU.Build.0 = Debug|Any CPU
		{9059A4A4-6539-4FB7-8B5A-A7D0EBA5FA33}.Release|Any CPU.ActiveCfg = Release|Any CPU
		{9059A4A4-6539-4FB7-8B5A-A7D0EBA5FA33}.Release|Any CPU.Build.0 = Release|Any CPU
	EndGlobalSection
	GlobalSection(SolutionProperties) = preSolution
		HideSolutionNode = FALSE
	EndGlobalSection
	GlobalSection(ExtensibilityGlobals) = postSolution
		SolutionGuid = {D0C28D72-D155-490F-86E0-6E420F3E6BEE}
	EndGlobalSection
EndGlobal
